Microsoft Visual Studio Solution File, Format Version 12.00
# Visual Studio Version 17
VisualStudioVersion = 17.5.2.0
MinimumVisualStudioVersion = 10.0.40219.1
Project("{FAE04EC0-301F-11D3-BF4B-00C04F79EFBC}") = "NetPcApi", "NetPcApi\NetPcApi.csproj", "{8C7F345D-9E2D-9E04-E8A2-126880F3D16C}"
EndProject
Global
	GlobalSection(SolutionConfigurationPlatforms) = preSolution
		Debug|Any CPU = Debug|Any CPU
		Release|Any CPU = Release|Any CPU
	EndGlobalSection
	GlobalSection(ProjectConfigurationPlatforms) = postSolution
		{8C7F345D-9E2D-9E04-E8A2-126880F3D16C}.Debug|Any CPU.ActiveCfg = Debug|Any CPU
		{8C7F345D-9E2D-9E04-E8A2-126880F3D16C}.Debug|Any CPU.Build.0 = Debug|Any CPU
		{8C7F345D-9E2D-9E04-E8A2-126880F3D16C}.Release|Any CPU.ActiveCfg = Release|Any CPU
		{8C7F345D-9E2D-9E04-E8A2-126880F3D16C}.Release|Any CPU.Build.0 = Release|Any CPU
	EndGlobalSection
	GlobalSection(SolutionProperties) = preSolution
		HideSolutionNode = FALSE
	EndGlobalSection
	GlobalSection(ExtensibilityGlobals) = postSolution
		SolutionGuid = {D6F1C9E8-30B3-4FF4-AB2A-FD90B3AE6744}
	EndGlobalSection
EndGlobal
